Microsoft Visual Studio Solution File, Format Version 12.00
# Visual Studio 2012
Project("{FAE04EC0-301F-11D3-BF4B-00C04F79EFBC}") = "GodotTemplate", "GodotTemplate.csproj", "{224F4DD8-EE44-4040-A2F7-8A64E5A2356B}"
EndProject
Global
	GlobalSection(SolutionConfigurationPlatforms) = preSolution
	Debug|Any CPU = Debug|Any CPU
	ExportDebug|Any CPU = ExportDebug|Any CPU
	ExportRelease|Any CPU = ExportRelease|Any CPU
	EndGlobalSection
	GlobalSection(ProjectConfigurationPlatforms) = postSolution
		{224F4DD8-EE44-4040-A2F7-8A64E5A2356B}.Debug|Any CPU.ActiveCfg = Debug|Any CPU
		{224F4DD8-EE44-4040-A2F7-8A64E5A2356B}.Debug|Any CPU.Build.0 = Debug|Any CPU
		{224F4DD8-EE44-4040-A2F7-8A64E5A2356B}.ExportDebug|Any CPU.ActiveCfg = ExportDebug|Any CPU
		{224F4DD8-EE44-4040-A2F7-8A64E5A2356B}.ExportDebug|Any CPU.Build.0 = ExportDebug|Any CPU
		{224F4DD8-EE44-4040-A2F7-8A64E5A2356B}.ExportRelease|Any CPU.ActiveCfg = ExportRelease|Any CPU
		{224F4DD8-EE44-4040-A2F7-8A64E5A2356B}.ExportRelease|Any CPU.Build.0 = ExportRelease|Any CPU
	EndGlobalSection
EndGlobal
